
Microsoft Visual Studio Solution File, Format Version 12.00
Project("{FAE04EC0-301F-11D3-BF4B-00C04F79EFBC}") = "KnowledgeBase", "KnowledgeBase\KnowledgeBase.csproj", "{08EEC392-A2D6-4B8B-B453-5C29AF66F585}"
EndProject
Global
	GlobalSection(SolutionConfigurationPlatforms) = preSolution
		Debug|Any CPU = Debug|Any CPU
		Release|Any CPU = Release|Any CPU
	EndGlobalSection
	GlobalSection(ProjectConfigurationPlatforms) = postSolution
		{08EEC392-A2D6-4B8B-B453-5C29AF66F585}.Debug|Any CPU.ActiveCfg = Debug|Any CPU
		{08EEC392-A2D6-4B8B-B453-5C29AF66F585}.Debug|Any CPU.Build.0 = Debug|Any CPU
		{08EEC392-A2D6-4B8B-B453-5C29AF66F585}.Release|Any CPU.ActiveCfg = Release|Any CPU
		{08EEC392-A2D6-4B8B-B453-5C29AF66F585}.Release|Any CPU.Build.0 = Release|Any CPU
	EndGlobalSection
EndGlobal
